
Microsoft Visual Studio Solution File, Format Version 12.00
# Visual Studio 15
VisualStudioVersion = 15.0.26430.13
MinimumVisualStudioVersion = 10.0.40219.1
Project("{2150E333-8FDC-42A3-9474-1A3956D46DE8}") = "src", "src", "{99176F32-B2D4-4666-9DE6-1D7257705E2C}"
EndProject
Project("{2150E333-8FDC-42A3-9474-1A3956D46DE8}") = "Solution Items", "Solution Items", "{FB7DAD03-1FD4-4665-B7A6-F39992515769}"
EndProject
Project("{9A19103F-16F7-4668-BE54-9A1E7A4F7556}") = "PipServices.Logging.NetCoreApp11", "src\PipServices.Logging.NetCoreApp11\PipServices.Logging.NetCoreApp11.csproj", "{26E2F102-F89C-4471-AAAC-B428BF1763EF}"
EndProject
Project("{2150E333-8FDC-42A3-9474-1A3956D46DE8}") = "test", "test", "{906A9321-37B7-46B5-B195-E2E8CE693ACD}"
EndProject
Project("{FAE04EC0-301F-11D3-BF4B-00C04F79EFBC}") = "PipServices.Logging.NetCoreApp11.Test", "test\PipServices.Logging.NetCoreApp11.Test\PipServices.Logging.NetCoreApp11.Test.csproj", "{FD8E385D-B685-4223-9427-10DDF6538272}"
EndProject
Project("{2150E333-8FDC-42A3-9474-1A3956D46DE8}") = "bin", "bin", "{D5A1720A-4090-43A1-B99C-D7DE47C891AD}"
EndProject
Project("{2150E333-8FDC-42A3-9474-1A3956D46DE8}") = "config", "config", "{1F87EECF-8B75-4280-BEA6-30EBB22800B2}"
	ProjectSection(SolutionItems) = preProject
		config\config.example.yaml = config\config.example.yaml
		config\config.yaml = config\config.yaml
	EndProjectSection
EndProject
Project("{FAE04EC0-301F-11D3-BF4B-00C04F79EFBC}") = "PipServices.Logging.Models", "src\PipServices.Logging.Models\PipServices.Logging.Models.csproj", "{4B366FC8-FFD1-4DBB-868D-A3DFBC24B1F2}"
EndProject
Global
	GlobalSection(SolutionConfigurationPlatforms) = preSolution
		Debug|Any CPU = Debug|Any CPU
		Release|Any CPU = Release|Any CPU
	EndGlobalSection
	GlobalSection(ProjectConfigurationPlatforms) = postSolution
		{26E2F102-F89C-4471-AAAC-B428BF1763EF}.Debug|Any CPU.ActiveCfg = Debug|Any CPU
		{26E2F102-F89C-4471-AAAC-B428BF1763EF}.Debug|Any CPU.Build.0 = Debug|Any CPU
		{26E2F102-F89C-4471-AAAC-B428BF1763EF}.Release|Any CPU.ActiveCfg = Release|Any CPU
		{26E2F102-F89C-4471-AAAC-B428BF1763EF}.Release|Any CPU.Build.0 = Release|Any CPU
		{FD8E385D-B685-4223-9427-10DDF6538272}.Debug|Any CPU.ActiveCfg = Debug|Any CPU
		{FD8E385D-B685-4223-9427-10DDF6538272}.Debug|Any CPU.Build.0 = Debug|Any CPU
		{FD8E385D-B685-4223-9427-10DDF6538272}.Release|Any CPU.ActiveCfg = Release|Any CPU
		{FD8E385D-B685-4223-9427-10DDF6538272}.Release|Any CPU.Build.0 = Release|Any CPU
		{4B366FC8-FFD1-4DBB-868D-A3DFBC24B1F2}.Debug|Any CPU.ActiveCfg = Debug|Any CPU
		{4B366FC8-FFD1-4DBB-868D-A3DFBC24B1F2}.Debug|Any CPU.Build.0 = Debug|Any CPU
		{4B366FC8-FFD1-4DBB-868D-A3DFBC24B1F2}.Release|Any CPU.ActiveCfg = Release|Any CPU
		{4B366FC8-FFD1-4DBB-868D-A3DFBC24B1F2}.Release|Any CPU.Build.0 = Release|Any CPU
	EndGlobalSection
	GlobalSection(SolutionProperties) = preSolution
		HideSolutionNode = FALSE
	EndGlobalSection
	GlobalSection(NestedProjects) = preSolution
		{26E2F102-F89C-4471-AAAC-B428BF1763EF} = {99176F32-B2D4-4666-9DE6-1D7257705E2C}
		{FD8E385D-B685-4223-9427-10DDF6538272} = {906A9321-37B7-46B5-B195-E2E8CE693ACD}
		{4B366FC8-FFD1-4DBB-868D-A3DFBC24B1F2} = {99176F32-B2D4-4666-9DE6-1D7257705E2C}
	EndGlobalSection
EndGlobal
